// !$*UTF8*$!
{
	archiveVersion = 1;
	classes = {
	};
	objectVersion = 77;
	objects = {

/* Begin PBXFileReference section */
		2F6A3A712CC1A9630079CC21 /* shaders.metallib */ = {isa = PBXFileReference; explicitFileType = "archive.metal-library"; includeInIndex = 0; path = shaders.metallib; sourceTree = BUILT_PRODUCTS_DIR; };
/* End PBXFileReference section */

/* Begin PBXFileSystemSynchronizedRootGroup section */
		2F6A3A732CC1A9630079CC21 /* shaders */ = {
			isa = PBXFileSystemSynchronizedRootGroup;
			path = shaders;
			sourceTree = "<group>";
		};
/* End PBXFileSystemSynchronizedRootGroup section */

/* Begin PBXGroup section */
		2F6A3A6A2CC1A9630079CC21 = {
			isa = PBXGroup;
			children = (
				2F6A3A732CC1A9630079CC21 /* shaders */,
				2F6A3A722CC1A9630079CC21 /* Products */,
			);
			sourceTree = "<group>";
		};
		2F6A3A722CC1A9630079CC21 /* Products */ = {
			isa = PBXGroup;
			children = (
				2F6A3A712CC1A9630079CC21 /* shaders.metallib */,
			);
			name = Products;
			sourceTree = "<group>";
		};
/* End PBXGroup section */

/* Begin PBXNativeTarget section */
		2F6A3A702CC1A9630079CC21 /* shaders */ = {
			isa = PBXNativeTarget;
			buildConfigurationList = 2F6A3A782CC1A9630079CC21 /* Build configuration list for PBXNativeTarget "shaders" */;
			buildPhases = (
				2F6A3A6F2CC1A9630079CC21 /* Sources */,
			);
			buildRules = (
			);
			dependencies = (
			);
			fileSystemSynchronizedGroups = (
				2F6A3A732CC1A9630079CC21 /* shaders */,
			);
			name = shaders;
			packageProductDependencies = (
			);
			productName = shaders;
			productReference = 2F6A3A712CC1A9630079CC21 /* shaders.metallib */;
			productType = "com.apple.product-type.metal-library";
		};
/* End PBXNativeTarget section */

/* Begin PBXProject section */
		2F6A3A6B2CC1A9630079CC21 /* Project object */ = {
			isa = PBXProject;
			attributes = {
				BuildIndependentTargetsInParallel = 1;
				LastUpgradeCheck = 1600;
				TargetAttributes = {
					2F6A3A702CC1A9630079CC21 = {
						CreatedOnToolsVersion = 16.0;
					};
				};
			};
			buildConfigurationList = 2F6A3A6E2CC1A9630079CC21 /* Build configuration list for PBXProject "shaders" */;
			developmentRegion = en;
			hasScannedForEncodings = 0;
			knownRegions = (
				en,
				Base,
			);
			mainGroup = 2F6A3A6A2CC1A9630079CC21;
			minimizedProjectReferenceProxies = 1;
			preferredProjectObjectVersion = 77;
			productRefGroup = 2F6A3A722CC1A9630079CC21 /* Products */;
			projectDirPath = "";
			projectRoot = "";
			targets = (
				2F6A3A702CC1A9630079CC21 /* shaders */,
			);
		};
/* End PBXProject section */

/* Begin PBXSourcesBuildPhase section */
		2F6A3A6F2CC1A9630079CC21 /* Sources */ = {
			isa = PBXSourcesBuildPhase;
			buildActionMask = 2147483647;
			files = (
			);
			runOnlyForDeploymentPostprocessing = 0;
		};
/* End PBXSourcesBuildPhase section */

/* Begin XCBuildConfiguration section */
		2F6A3A762CC1A9630079CC21 /* Debug */ = {
			isa = XCBuildConfiguration;
			buildSettings = {
				ALWAYS_SEARCH_USER_PATHS = NO;
				IPHONEOS_DEPLOYMENT_TARGET = 18.0;
				MTL_ENABLE_DEBUG_INFO = INCLUDE_SOURCE;
				MTL_FAST_MATH = YES;
				SDKROOT = iphoneos;
			};
			name = Debug;
		};
		2F6A3A772CC1A9630079CC21 /* Release */ = {
			isa = XCBuildConfiguration;
			buildSettings = {
				ALWAYS_SEARCH_USER_PATHS = NO;
				IPHONEOS_DEPLOYMENT_TARGET = 18.0;
				MTL_ENABLE_DEBUG_INFO = NO;
				MTL_FAST_MATH = YES;
				SDKROOT = iphoneos;
			};
			name = Release;
		};
		2F6A3A792CC1A9630079CC21 /* Debug */ = {
			isa = XCBuildConfiguration;
			buildSettings = {
				CODE_SIGN_STYLE = Automatic;
				DEVELOPMENT_TEAM = 9TP4HMDZ7W;
				PRODUCT_NAME = "$(TARGET_NAME)";
				SUPPORTED_PLATFORMS = "iphoneos iphonesimulator";
				SUPPORTS_MACCATALYST = YES;
				SUPPORTS_XR_DESIGNED_FOR_IPHONE_IPAD = NO;
				TARGETED_DEVICE_FAMILY = 1;
				VERSIONING_SYSTEM = "";
			};
			name = Debug;
		};
		2F6A3A7A2CC1A9630079CC21 /* Release */ = {
			isa = XCBuildConfiguration;
			buildSettings = {
				CODE_SIGN_STYLE = Automatic;
				DEVELOPMENT_TEAM = 9TP4HMDZ7W;
				PRODUCT_NAME = "$(TARGET_NAME)";
				SUPPORTED_PLATFORMS = "iphoneos iphonesimulator";
				SUPPORTS_MACCATALYST = YES;
				SUPPORTS_XR_DESIGNED_FOR_IPHONE_IPAD = NO;
				TARGETED_DEVICE_FAMILY = 1;
				VERSIONING_SYSTEM = "";
			};
			name = Release;
		};
/* End XCBuildConfiguration section */

/* Begin XCConfigurationList section */
		2F6A3A6E2CC1A9630079CC21 /* Build configuration list for PBXProject "shaders" */ = {
			isa = XCConfigurationList;
			buildConfigurations = (
				2F6A3A762CC1A9630079CC21 /* Debug */,
				2F6A3A772CC1A9630079CC21 /* Release */,
			);
			defaultConfigurationIsVisible = 0;
			defaultConfigurationName = Release;
		};
		2F6A3A782CC1A9630079CC21 /* Build configuration list for PBXNativeTarget "shaders" */ = {
			isa = XCConfigurationList;
			buildConfigurations = (
				2F6A3A792CC1A9630079CC21 /* Debug */,
				2F6A3A7A2CC1A9630079CC21 /* Release */,
			);
			defaultConfigurationIsVisible = 0;
			defaultConfigurationName = Release;
		};
/* End XCConfigurationList section */
	};
	rootObject = 2F6A3A6B2CC1A9630079CC21 /* Project object */;
}
